
Microsoft Visual Studio Solution File, Format Version 12.00
# Visual Studio Version 16
VisualStudioVersion = 16.0.31729.503
MinimumVisualStudioVersion = 10.0.40219.1
Project("{9A19103F-16F7-4668-BE54-9A1E7A4F7556}") = "AirlineCollection", "AirlineCollection\AirlineCollection.csproj", "{91AEA809-294E-476F-A1E7-A39EC196F7D1}"
EndProject
Project("{FAE04EC0-301F-11D3-BF4B-00C04F79EFBC}") = "AirlineCollectionTests", "AirlineCollectionTests\AirlineCollectionTests.csproj", "{3B78C2F0-54F4-485C-A8A9-108CE9DA6596}"
EndProject
Global
	GlobalSection(SolutionConfigurationPlatforms) = preSolution
		Debug|Any CPU = Debug|Any CPU
		Release|Any CPU = Release|Any CPU
	EndGlobalSection
	GlobalSection(ProjectConfigurationPlatforms) = postSolution
		{91AEA809-294E-476F-A1E7-A39EC196F7D1}.Debug|Any CPU.ActiveCfg = Debug|Any CPU
		{91AEA809-294E-476F-A1E7-A39EC196F7D1}.Debug|Any CPU.Build.0 = Debug|Any CPU
		{91AEA809-294E-476F-A1E7-A39EC196F7D1}.Release|Any CPU.ActiveCfg = Release|Any CPU
		{91AEA809-294E-476F-A1E7-A39EC196F7D1}.Release|Any CPU.Build.0 = Release|Any CPU
		{3B78C2F0-54F4-485C-A8A9-108CE9DA6596}.Debug|Any CPU.ActiveCfg = Debug|Any CPU
		{3B78C2F0-54F4-485C-A8A9-108CE9DA6596}.Debug|Any CPU.Build.0 = Debug|Any CPU
		{3B78C2F0-54F4-485C-A8A9-108CE9DA6596}.Release|Any CPU.ActiveCfg = Release|Any CPU
		{3B78C2F0-54F4-485C-A8A9-108CE9DA6596}.Release|Any CPU.Build.0 = Release|Any CPU
	EndGlobalSection
	GlobalSection(SolutionProperties) = preSolution
		HideSolutionNode = FALSE
	EndGlobalSection
	GlobalSection(ExtensibilityGlobals) = postSolution
		SolutionGuid = {FE8FD8EB-ABD4-468A-812F-4F56259A251B}
	EndGlobalSection
EndGlobal
